// !$*UTF8*$!
{
	archiveVersion = 1;
	classes = {
	};
	objectVersion = 56;
	objects = {

/* Begin PBXBuildFile section */
		6C1B17542B0DAAA300A0A4AB /* PE1DialogIG.swift in Sources */ = {isa = PBXBuildFile; fileRef = 6C1B17532B0DAAA300A0A4AB /* PE1DialogIG.swift */; };
		6C1B17562B0DAADC00A0A4AB /* SuccessDialog.swift in Sources */ = {isa = PBXBuildFile; fileRef = 6C1B17552B0DAADC00A0A4AB /* SuccessDialog.swift */; };
		6C1B175A2B0DB2BD00A0A4AB /* ArithmeticEx1View.swift in Sources */ = {isa = PBXBuildFile; fileRef = 6C1B17592B0DB2BC00A0A4AB /* ArithmeticEx1View.swift */; };
		6C1B175C2B0DB2CD00A0A4AB /* StarEx1View.swift in Sources */ = {isa = PBXBuildFile; fileRef = 6C1B175B2B0DB2CD00A0A4AB /* StarEx1View.swift */; };
		6C2E20E02AE98E50009E5E5F /* PhysicsEx2View.swift in Sources */ = {isa = PBXBuildFile; fileRef = 6C2E20DF2AE98E50009E5E5F /* PhysicsEx2View.swift */; };
		6C2E20E32AE99523009E5E5F /* PE1Dialog.swift in Sources */ = {isa = PBXBuildFile; fileRef = 6C2E20E22AE99523009E5E5F /* PE1Dialog.swift */; };
		6C49A5C12AD0FA1D00F5566E /* Colors.swift in Sources */ = {isa = PBXBuildFile; fileRef = 6C49A5C02AD0FA1D00F5566E /* Colors.swift */; };
		6C49A5C32AD0FA2F00F5566E /* PlanetView.swift in Sources */ = {isa = PBXBuildFile; fileRef = 6C49A5C22AD0FA2F00F5566E /* PlanetView.swift */; };
		6C49A5C52AD0FA8D00F5566E /* test.swift in Sources */ = {isa = PBXBuildFile; fileRef = 6C49A5C42AD0FA8D00F5566E /* test.swift */; };
		6C49A5C82ADDC29300F5566E /* MainScreenView.swift in Sources */ = {isa = PBXBuildFile; fileRef = 6C49A5C72ADDC29300F5566E /* MainScreenView.swift */; };
		6C49A5CA2ADDF45700F5566E /* Montserrat.ttf in Resources */ = {isa = PBXBuildFile; fileRef = 6C49A5C92ADDF45700F5566E /* Montserrat.ttf */; };
		6C49A5CB2ADDF45700F5566E /* Montserrat.ttf in Resources */ = {isa = PBXBuildFile; fileRef = 6C49A5C92ADDF45700F5566E /* Montserrat.ttf */; };
		6C49A5CC2ADDF45700F5566E /* Montserrat.ttf in Resources */ = {isa = PBXBuildFile; fileRef = 6C49A5C92ADDF45700F5566E /* Montserrat.ttf */; };
		6C49A5CF2AE1B06500F5566E /* FullPlanetView.swift in Sources */ = {isa = PBXBuildFile; fileRef = 6C49A5CE2AE1B06500F5566E /* FullPlanetView.swift */; };
		6C4ECE482B11A81500405FB6 /* GE1Dialog.swift in Sources */ = {isa = PBXBuildFile; fileRef = 6C4ECE472B11A81500405FB6 /* GE1Dialog.swift */; };
		6C4ECE4A2B11A81F00405FB6 /* GE1DialogIG.swift in Sources */ = {isa = PBXBuildFile; fileRef = 6C4ECE492B11A81F00405FB6 /* GE1DialogIG.swift */; };
		6C4ECE4C2B11A8A000405FB6 /* FiguresEx1View.swift in Sources */ = {isa = PBXBuildFile; fileRef = 6C4ECE4B2B11A8A000405FB6 /* FiguresEx1View.swift */; };
		6C4ECE4E2B11A8F000405FB6 /* GE2DialogIG.swift in Sources */ = {isa = PBXBuildFile; fileRef = 6C4ECE4D2B11A8F000405FB6 /* GE2DialogIG.swift */; };
		6C4ECE502B11A90100405FB6 /* GE2Dialog.swift in Sources */ = {isa = PBXBuildFile; fileRef = 6C4ECE4F2B11A90100405FB6 /* GE2Dialog.swift */; };
		6C4ECE522B11A92800405FB6 /* AE1Dialog.swift in Sources */ = {isa = PBXBuildFile; fileRef = 6C4ECE512B11A92800405FB6 /* AE1Dialog.swift */; };
		6C4ECE542B11A93200405FB6 /* AE1DialogIG.swift in Sources */ = {isa = PBXBuildFile; fileRef = 6C4ECE532B11A93200405FB6 /* AE1DialogIG.swift */; };
		6C4ECE562B11ABF000405FB6 /* GeometryEx2View.swift in Sources */ = {isa = PBXBuildFile; fileRef = 6C4ECE552B11ABF000405FB6 /* GeometryEx2View.swift */; };
		6C4ECE582B11AD1100405FB6 /* TelescopeEx2View.swift in Sources */ = {isa = PBXBuildFile; fileRef = 6C4ECE572B11AD1100405FB6 /* TelescopeEx2View.swift */; };
		6C7C7C792AB2909100EEC316 /* NumturaApp.swift in Sources */ = {isa = PBXBuildFile; fileRef = 6C7C7C782AB2909100EEC316 /* NumturaApp.swift */; };
		6C7C7C7B2AB2909100EEC316 /* ContentView.swift in Sources */ = {isa = PBXBuildFile; fileRef = 6C7C7C7A2AB2909100EEC316 /* ContentView.swift */; };
		6C7C7C7D2AB2909200EEC316 /* Assets.xcassets in Resources */ = {isa = PBXBuildFile; fileRef = 6C7C7C7C2AB2909200EEC316 /* Assets.xcassets */; };
		6C7C7C802AB2909200EEC316 /* Preview Assets.xcassets in Resources */ = {isa = PBXBuildFile; fileRef = 6C7C7C7F2AB2909200EEC316 /* Preview Assets.xcassets */; };
		6C7C7C8A2AB2909200EEC316 /* NumturaTests.swift in Sources */ = {isa = PBXBuildFile; fileRef = 6C7C7C892AB2909200EEC316 /* NumturaTests.swift */; };
		6C7C7C942AB2909200EEC316 /* NumturaUITests.swift in Sources */ = {isa = PBXBuildFile; fileRef = 6C7C7C932AB2909200EEC316 /* NumturaUITests.swift */; };
		6C7C7C962AB2909200EEC316 /* NumturaUITestsLaunchTests.swift in Sources */ = {isa = PBXBuildFile; fileRef = 6C7C7C952AB2909200EEC316 /* NumturaUITestsLaunchTests.swift */; };
		6C8731412AE3083F007B081F /* BackgroundView.swift in Sources */ = {isa = PBXBuildFile; fileRef = 6C8731402AE3083F007B081F /* BackgroundView.swift */; };
		6C8731432AE30889007B081F /* RocketLoadingView.swift in Sources */ = {isa = PBXBuildFile; fileRef = 6C8731422AE30889007B081F /* RocketLoadingView.swift */; };
		6C8731482AE30ACC007B081F /* GeometryEx1View.swift in Sources */ = {isa = PBXBuildFile; fileRef = 6C8731472AE30ACC007B081F /* GeometryEx1View.swift */; };
		6C9FEB2B2B0DB6AB003FD501 /* digitalism.ttf in Resources */ = {isa = PBXBuildFile; fileRef = 6C9FEB2A2B0DB6AB003FD501 /* digitalism.ttf */; };
		86FE0BF82B0F146E00148EEB /* PlanetViewGeo.swift in Sources */ = {isa = PBXBuildFile; fileRef = 86FE0BF72B0F146E00148EEB /* PlanetViewGeo.swift */; };
		9B0110C62B0AD23A009EB318 /* menuArim.swift in Sources */ = {isa = PBXBuildFile; fileRef = 9B0110C52B0AD23A009EB318 /* menuArim.swift */; };
		9B131E402B150457006AEFA6 /* menuSound.mp3 in Resources */ = {isa = PBXBuildFile; fileRef = 9B131E3F2B150457006AEFA6 /* menuSound.mp3 */; };
		9B131E422B150700006AEFA6 /* backSound.mp3 in Resources */ = {isa = PBXBuildFile; fileRef = 9B131E412B1506FF006AEFA6 /* backSound.mp3 */; };
		9B131E442B150E71006AEFA6 /* iniciarSound.mp3 in Resources */ = {isa = PBXBuildFile; fileRef = 9B131E432B150E71006AEFA6 /* iniciarSound.mp3 */; };
		9B131E462B15AE37006AEFA6 /* soundWin.mp3 in Resources */ = {isa = PBXBuildFile; fileRef = 9B131E452B15AE37006AEFA6 /* soundWin.mp3 */; };
		9BEACC542B13BB380038831C /* backGroundSound.mp3 in Resources */ = {isa = PBXBuildFile; fileRef = 9BEACC532B13BB380038831C /* backGroundSound.mp3 */; };
		9BEACC562B141E150038831C /* bS.mp3 in Resources */ = {isa = PBXBuildFile; fileRef = 9BEACC552B141E150038831C /* bS.mp3 */; };
		9BEACC592B1473B70038831C /* nA.mp3 in Resources */ = {isa = PBXBuildFile; fileRef = 9BEACC582B1473B70038831C /* nA.mp3 */; };
		9BEACC5B2B1479630038831C /* desplazarSound.mp3 in Resources */ = {isa = PBXBuildFile; fileRef = 9BEACC5A2B1479630038831C /* desplazarSound.mp3 */; };
/* End PBXBuildFile section */

/* Begin PBXContainerItemProxy section */
		6C7C7C862AB2909200EEC316 /* PBXContainerItemProxy */ = {
			isa = PBXContainerItemProxy;
			containerPortal = 6C7C7C6D2AB2909100EEC316 /* Project object */;
			proxyType = 1;
			remoteGlobalIDString = 6C7C7C742AB2909100EEC316;
			remoteInfo = Numtura;
		};
		6C7C7C902AB2909200EEC316 /* PBXContainerItemProxy */ = {
			isa = PBXContainerItemProxy;
			containerPortal = 6C7C7C6D2AB2909100EEC316 /* Project object */;
			proxyType = 1;
			remoteGlobalIDString = 6C7C7C742AB2909100EEC316;
			remoteInfo = Numtura;
		};
/* End PBXContainerItemProxy section */

/* Begin PBXFileReference section */
		6C1B17532B0DAAA300A0A4AB /* PE1DialogIG.swift */ = {isa = PBXFileReference; lastKnownFileType = sourcecode.swift; path = PE1DialogIG.swift; sourceTree = "<group>"; };
		6C1B17552B0DAADC00A0A4AB /* SuccessDialog.swift */ = {isa = PBXFileReference; lastKnownFileType = sourcecode.swift; path = SuccessDialog.swift; sourceTree = "<group>"; };
		6C1B17592B0DB2BC00A0A4AB /* ArithmeticEx1View.swift */ = {isa = PBXFileReference; lastKnownFileType = sourcecode.swift; path = ArithmeticEx1View.swift; sourceTree = "<group>"; };
		6C1B175B2B0DB2CD00A0A4AB /* StarEx1View.swift */ = {isa = PBXFileReference; lastKnownFileType = sourcecode.swift; path = StarEx1View.swift; sourceTree = "<group>"; };
		6C2E20DF2AE98E50009E5E5F /* PhysicsEx2View.swift */ = {isa = PBXFileReference; lastKnownFileType = sourcecode.swift; path = PhysicsEx2View.swift; sourceTree = "<group>"; };
		6C2E20E22AE99523009E5E5F /* PE1Dialog.swift */ = {isa = PBXFileReference; lastKnownFileType = sourcecode.swift; path = PE1Dialog.swift; sourceTree = "<group>"; };
		6C49A5C02AD0FA1D00F5566E /* Colors.swift */ = {isa = PBXFileReference; lastKnownFileType = sourcecode.swift; path = Colors.swift; sourceTree = "<group>"; };
		6C49A5C22AD0FA2F00F5566E /* PlanetView.swift */ = {isa = PBXFileReference; lastKnownFileType = sourcecode.swift; path = PlanetView.swift; sourceTree = "<group>"; };
		6C49A5C42AD0FA8D00F5566E /* test.swift */ = {isa = PBXFileReference; lastKnownFileType = sourcecode.swift; path = test.swift; sourceTree = "<group>"; };
		6C49A5C72ADDC29300F5566E /* MainScreenView.swift */ = {isa = PBXFileReference; lastKnownFileType = sourcecode.swift; path = MainScreenView.swift; sourceTree = "<group>"; };
		6C49A5C92ADDF45700F5566E /* Montserrat.ttf */ = {isa = PBXFileReference; lastKnownFileType = file; path = Montserrat.ttf; sourceTree = "<group>"; };
		6C49A5CD2ADDF63900F5566E /* Info.plist */ = {isa = PBXFileReference; lastKnownFileType = text.plist.xml; path = Info.plist; sourceTree = "<group>"; };
		6C49A5CE2AE1B06500F5566E /* FullPlanetView.swift */ = {isa = PBXFileReference; lastKnownFileType = sourcecode.swift; path = FullPlanetView.swift; sourceTree = "<group>"; };
		6C4ECE472B11A81500405FB6 /* GE1Dialog.swift */ = {isa = PBXFileReference; lastKnownFileType = sourcecode.swift; path = GE1Dialog.swift; sourceTree = "<group>"; };
		6C4ECE492B11A81F00405FB6 /* GE1DialogIG.swift */ = {isa = PBXFileReference; lastKnownFileType = sourcecode.swift; path = GE1DialogIG.swift; sourceTree = "<group>"; };
		6C4ECE4B2B11A8A000405FB6 /* FiguresEx1View.swift */ = {isa = PBXFileReference; lastKnownFileType = sourcecode.swift; path = FiguresEx1View.swift; sourceTree = "<group>"; };
		6C4ECE4D2B11A8F000405FB6 /* GE2DialogIG.swift */ = {isa = PBXFileReference; lastKnownFileType = sourcecode.swift; path = GE2DialogIG.swift; sourceTree = "<group>"; };
		6C4ECE4F2B11A90100405FB6 /* GE2Dialog.swift */ = {isa = PBXFileReference; lastKnownFileType = sourcecode.swift; path = GE2Dialog.swift; sourceTree = "<group>"; };
		6C4ECE512B11A92800405FB6 /* AE1Dialog.swift */ = {isa = PBXFileReference; lastKnownFileType = sourcecode.swift; path = AE1Dialog.swift; sourceTree = "<group>"; };
		6C4ECE532B11A93200405FB6 /* AE1DialogIG.swift */ = {isa = PBXFileReference; lastKnownFileType = sourcecode.swift; path = AE1DialogIG.swift; sourceTree = "<group>"; };
		6C4ECE552B11ABF000405FB6 /* GeometryEx2View.swift */ = {isa = PBXFileReference; lastKnownFileType = sourcecode.swift; path = GeometryEx2View.swift; sourceTree = "<group>"; };
		6C4ECE572B11AD1100405FB6 /* TelescopeEx2View.swift */ = {isa = PBXFileReference; lastKnownFileType = sourcecode.swift; path = TelescopeEx2View.swift; sourceTree = "<group>"; };
		6C7C7C752AB2909100EEC316 /* Numtura.app */ = {isa = PBXFileReference; explicitFileType = wrapper.application; includeInIndex = 0; path = Numtura.app; sourceTree = BUILT_PRODUCTS_DIR; };
		6C7C7C782AB2909100EEC316 /* NumturaApp.swift */ = {isa = PBXFileReference; lastKnownFileType = sourcecode.swift; path = NumturaApp.swift; sourceTree = "<group>"; };
		6C7C7C7A2AB2909100EEC316 /* ContentView.swift */ = {isa = PBXFileReference; lastKnownFileType = sourcecode.swift; path = ContentView.swift; sourceTree = "<group>"; };
		6C7C7C7C2AB2909200EEC316 /* Assets.xcassets */ = {isa = PBXFileReference; lastKnownFileType = folder.assetcatalog; path = Assets.xcassets; sourceTree = "<group>"; };
		6C7C7C7F2AB2909200EEC316 /* Preview Assets.xcassets */ = {isa = PBXFileReference; lastKnownFileType = folder.assetcatalog; path = "Preview Assets.xcassets"; sourceTree = "<group>"; };
		6C7C7C852AB2909200EEC316 /* NumturaTests.xctest */ = {isa = PBXFileReference; explicitFileType = wrapper.cfbundle; includeInIndex = 0; path = NumturaTests.xctest; sourceTree = BUILT_PRODUCTS_DIR; };
		6C7C7C892AB2909200EEC316 /* NumturaTests.swift */ = {isa = PBXFileReference; lastKnownFileType = sourcecode.swift; path = NumturaTests.swift; sourceTree = "<group>"; };
		6C7C7C8F2AB2909200EEC316 /* NumturaUITests.xctest */ = {isa = PBXFileReference; explicitFileType = wrapper.cfbundle; includeInIndex = 0; path = NumturaUITests.xctest; sourceTree = BUILT_PRODUCTS_DIR; };
		6C7C7C932AB2909200EEC316 /* NumturaUITests.swift */ = {isa = PBXFileReference; lastKnownFileType = sourcecode.swift; path = NumturaUITests.swift; sourceTree = "<group>"; };
		6C7C7C952AB2909200EEC316 /* NumturaUITestsLaunchTests.swift */ = {isa = PBXFileReference; lastKnownFileType = sourcecode.swift; path = NumturaUITestsLaunchTests.swift; sourceTree = "<group>"; };
		6C8731402AE3083F007B081F /* BackgroundView.swift */ = {isa = PBXFileReference; lastKnownFileType = sourcecode.swift; path = BackgroundView.swift; sourceTree = "<group>"; };
		6C8731422AE30889007B081F /* RocketLoadingView.swift */ = {isa = PBXFileReference; lastKnownFileType = sourcecode.swift; path = RocketLoadingView.swift; sourceTree = "<group>"; };
		6C8731472AE30ACC007B081F /* GeometryEx1View.swift */ = {isa = PBXFileReference; lastKnownFileType = sourcecode.swift; path = GeometryEx1View.swift; sourceTree = "<group>"; };
		6C9FEB2A2B0DB6AB003FD501 /* digitalism.ttf */ = {isa = PBXFileReference; lastKnownFileType = file; path = digitalism.ttf; sourceTree = "<group>"; };
		86FE0BF72B0F146E00148EEB /* PlanetViewGeo.swift */ = {isa = PBXFileReference; lastKnownFileType = sourcecode.swift; path = PlanetViewGeo.swift; sourceTree = "<group>"; };
		9B0110C52B0AD23A009EB318 /* menuArim.swift */ = {isa = PBXFileReference; lastKnownFileType = sourcecode.swift; path = menuArim.swift; sourceTree = "<group>"; };
		9B131E3F2B150457006AEFA6 /* menuSound.mp3 */ = {isa = PBXFileReference; lastKnownFileType = audio.mp3; name = menuSound.mp3; path = ../../Downloads/menuSound.mp3; sourceTree = "<group>"; };
		9B131E412B1506FF006AEFA6 /* backSound.mp3 */ = {isa = PBXFileReference; lastKnownFileType = audio.mp3; name = backSound.mp3; path = ../../Downloads/backSound.mp3; sourceTree = "<group>"; };
		9B131E432B150E71006AEFA6 /* iniciarSound.mp3 */ = {isa = PBXFileReference; lastKnownFileType = audio.mp3; name = iniciarSound.mp3; path = ../../Downloads/iniciarSound.mp3; sourceTree = "<group>"; };
		9B131E452B15AE37006AEFA6 /* soundWin.mp3 */ = {isa = PBXFileReference; lastKnownFileType = audio.mp3; name = soundWin.mp3; path = ../../Downloads/soundWin.mp3; sourceTree = "<group>"; };
		9BEACC532B13BB380038831C /* backGroundSound.mp3 */ = {isa = PBXFileReference; lastKnownFileType = audio.mp3; path = backGroundSound.mp3; sourceTree = "<group>"; };
		9BEACC552B141E150038831C /* bS.mp3 */ = {isa = PBXFileReference; lastKnownFileType = audio.mp3; name = bS.mp3; path = ../../Downloads/bS.mp3; sourceTree = "<group>"; };
		9BEACC582B1473B70038831C /* nA.mp3 */ = {isa = PBXFileReference; lastKnownFileType = audio.mp3; name = nA.mp3; path = ../../Downloads/nA.mp3; sourceTree = "<group>"; };
		9BEACC5A2B1479630038831C /* desplazarSound.mp3 */ = {isa = PBXFileReference; lastKnownFileType = audio.mp3; name = desplazarSound.mp3; path = ../../Downloads/desplazarSound.mp3; sourceTree = "<group>"; };
/* End PBXFileReference section */

/* Begin PBXFrameworksBuildPhase section */
		6C7C7C722AB2909100EEC316 /* Frameworks */ = {
			isa = PBXFrameworksBuildPhase;
			buildActionMask = 2147483647;
			files = (
			);
			runOnlyForDeploymentPostprocessing = 0;
		};
		6C7C7C822AB2909200EEC316 /* Frameworks */ = {
			isa = PBXFrameworksBuildPhase;
			buildActionMask = 2147483647;
			files = (
			);
			runOnlyForDeploymentPostprocessing = 0;
		};
		6C7C7C8C2AB2909200EEC316 /* Frameworks */ = {
			isa = PBXFrameworksBuildPhase;
			buildActionMask = 2147483647;
			files = (
			);
			runOnlyForDeploymentPostprocessing = 0;
		};
/* End PBXFrameworksBuildPhase section */

/* Begin PBXGroup section */
		6C2E20E12AE9947B009E5E5F /* Dialog */ = {
			isa = PBXGroup;
			children = (
				6C4ECE462B11A76D00405FB6 /* GDialogs */,
				6C4ECE452B11A76300405FB6 /* ADialogs */,
				6C4ECE442B11A75900405FB6 /* PDialogs */,
				6C1B17552B0DAADC00A0A4AB /* SuccessDialog.swift */,
			);
			path = Dialog;
			sourceTree = "<group>";
		};
		6C49A5C62ADDBDB400F5566E /* Font */ = {
			isa = PBXGroup;
			children = (
				6C9FEB2A2B0DB6AB003FD501 /* digitalism.ttf */,
				6C49A5C92ADDF45700F5566E /* Montserrat.ttf */,
			);
			path = Font;
			sourceTree = "<group>";
		};
		6C4ECE442B11A75900405FB6 /* PDialogs */ = {
			isa = PBXGroup;
			children = (
				6C2E20E22AE99523009E5E5F /* PE1Dialog.swift */,
				6C1B17532B0DAAA300A0A4AB /* PE1DialogIG.swift */,
			);
			path = PDialogs;
			sourceTree = "<group>";
		};
		6C4ECE452B11A76300405FB6 /* ADialogs */ = {
			isa = PBXGroup;
			children = (
				6C4ECE512B11A92800405FB6 /* AE1Dialog.swift */,
				6C4ECE532B11A93200405FB6 /* AE1DialogIG.swift */,
			);
			path = ADialogs;
			sourceTree = "<group>";
		};
		6C4ECE462B11A76D00405FB6 /* GDialogs */ = {
			isa = PBXGroup;
			children = (
				6C4ECE472B11A81500405FB6 /* GE1Dialog.swift */,
				6C4ECE492B11A81F00405FB6 /* GE1DialogIG.swift */,
				6C4ECE4D2B11A8F000405FB6 /* GE2DialogIG.swift */,
				6C4ECE4F2B11A90100405FB6 /* GE2Dialog.swift */,
			);
			path = GDialogs;
			sourceTree = "<group>";
		};
		6C7C7C6C2AB2909100EEC316 = {
			isa = PBXGroup;
			children = (
				6C2E20E12AE9947B009E5E5F /* Dialog */,
				6C8731462AE30AA0007B081F /* Exercises */,
				6C49A5C62ADDBDB400F5566E /* Font */,
				6C7C7C772AB2909100EEC316 /* Numtura */,
				6C7C7C882AB2909200EEC316 /* NumturaTests */,
				6C7C7C922AB2909200EEC316 /* NumturaUITests */,
				6C7C7C762AB2909100EEC316 /* Products */,
			);
			sourceTree = "<group>";
		};
		6C7C7C762AB2909100EEC316 /* Products */ = {
			isa = PBXGroup;
			children = (
				6C7C7C752AB2909100EEC316 /* Numtura.app */,
				6C7C7C852AB2909200EEC316 /* NumturaTests.xctest */,
				6C7C7C8F2AB2909200EEC316 /* NumturaUITests.xctest */,
			);
			name = Products;
			sourceTree = "<group>";
		};
		6C7C7C772AB2909100EEC316 /* Numtura */ = {
			isa = PBXGroup;
			children = (
				6C49A5CD2ADDF63900F5566E /* Info.plist */,
				86FE0BF72B0F146E00148EEB /* PlanetViewGeo.swift */,
				6C7C7C782AB2909100EEC316 /* NumturaApp.swift */,
				6C7C7C7A2AB2909100EEC316 /* ContentView.swift */,
				6C8731402AE3083F007B081F /* BackgroundView.swift */,
				6C49A5C02AD0FA1D00F5566E /* Colors.swift */,
				6C49A5C42AD0FA8D00F5566E /* test.swift */,
				6C49A5C22AD0FA2F00F5566E /* PlanetView.swift */,
				6C8731422AE30889007B081F /* RocketLoadingView.swift */,
				6C49A5CE2AE1B06500F5566E /* FullPlanetView.swift */,
				9B0110C52B0AD23A009EB318 /* menuArim.swift */,
				6C49A5C72ADDC29300F5566E /* MainScreenView.swift */,
				6C7C7C7C2AB2909200EEC316 /* Assets.xcassets */,
				9BEACC522B13BB380038831C /* Sounds */,
				6C7C7C7E2AB2909200EEC316 /* Preview Content */,
			);
			path = Numtura;
			sourceTree = "<group>";
		};
		6C7C7C7E2AB2909200EEC316 /* Preview Content */ = {
			isa = PBXGroup;
			children = (
				6C7C7C7F2AB2909200EEC316 /* Preview Assets.xcassets */,
			);
			path = "Preview Content";
			sourceTree = "<group>";
		};
		6C7C7C882AB2909200EEC316 /* NumturaTests */ = {
			isa = PBXGroup;
			children = (
				6C7C7C892AB2909200EEC316 /* NumturaTests.swift */,
			);
			path = NumturaTests;
			sourceTree = "<group>";
		};
		6C7C7C922AB2909200EEC316 /* NumturaUITests */ = {
			isa = PBXGroup;
			children = (
				6C7C7C932AB2909200EEC316 /* NumturaUITests.swift */,
				6C7C7C952AB2909200EEC316 /* NumturaUITestsLaunchTests.swift */,
			);
			path = NumturaUITests;
			sourceTree = "<group>";
		};
		6C8731462AE30AA0007B081F /* Exercises */ = {
			isa = PBXGroup;
			children = (
				6C8731472AE30ACC007B081F /* GeometryEx1View.swift */,
				6C2E20DF2AE98E50009E5E5F /* PhysicsEx2View.swift */,
				6C1B17592B0DB2BC00A0A4AB /* ArithmeticEx1View.swift */,
				6C1B175B2B0DB2CD00A0A4AB /* StarEx1View.swift */,
				6C4ECE4B2B11A8A000405FB6 /* FiguresEx1View.swift */,
				6C4ECE552B11ABF000405FB6 /* GeometryEx2View.swift */,
				6C4ECE572B11AD1100405FB6 /* TelescopeEx2View.swift */,
			);
			path = Exercises;
			sourceTree = "<group>";
		};
		9BEACC522B13BB380038831C /* Sounds */ = {
			isa = PBXGroup;
			children = (
				9B131E412B1506FF006AEFA6 /* backSound.mp3 */,
				9B131E452B15AE37006AEFA6 /* soundWin.mp3 */,
				9B131E3F2B150457006AEFA6 /* menuSound.mp3 */,
				9B131E432B150E71006AEFA6 /* iniciarSound.mp3 */,
				9BEACC5A2B1479630038831C /* desplazarSound.mp3 */,
				9BEACC582B1473B70038831C /* nA.mp3 */,
				9BEACC552B141E150038831C /* bS.mp3 */,
				9BEACC532B13BB380038831C /* backGroundSound.mp3 */,
			);
			name = Sounds;
			path = ../../../../../../Documents/Sounds;
			sourceTree = "<group>";
		};
/* End PBXGroup section */

/* Begin PBXNativeTarget section */
		6C7C7C742AB2909100EEC316 /* Numtura */ = {
			isa = PBXNativeTarget;
			buildConfigurationList = 6C7C7C992AB2909200EEC316 /* Build configuration list for PBXNativeTarget "Numtura" */;
			buildPhases = (
				6C7C7C712AB2909100EEC316 /* Sources */,
				6C7C7C722AB2909100EEC316 /* Frameworks */,
				6C7C7C732AB2909100EEC316 /* Resources */,
			);
			buildRules = (
			);
			dependencies = (
			);
			name = Numtura;
			productName = Numtura;
			productReference = 6C7C7C752AB2909100EEC316 /* Numtura.app */;
			productType = "com.apple.product-type.application";
		};
		6C7C7C842AB2909200EEC316 /* NumturaTests */ = {
			isa = PBXNativeTarget;
			buildConfigurationList = 6C7C7C9C2AB2909200EEC316 /* Build configuration list for PBXNativeTarget "NumturaTests" */;
			buildPhases = (
				6C7C7C812AB2909200EEC316 /* Sources */,
				6C7C7C822AB2909200EEC316 /* Frameworks */,
				6C7C7C832AB2909200EEC316 /* Resources */,
			);
			buildRules = (
			);
			dependencies = (
				6C7C7C872AB2909200EEC316 /* PBXTargetDependency */,
			);
			name = NumturaTests;
			productName = NumturaTests;
			productReference = 6C7C7C852AB2909200EEC316 /* NumturaTests.xctest */;
			productType = "com.apple.product-type.bundle.unit-test";
		};
		6C7C7C8E2AB2909200EEC316 /* NumturaUITests */ = {
			isa = PBXNativeTarget;
			buildConfigurationList = 6C7C7C9F2AB2909200EEC316 /* Build configuration list for PBXNativeTarget "NumturaUITests" */;
			buildPhases = (
				6C7C7C8B2AB2909200EEC316 /* Sources */,
				6C7C7C8C2AB2909200EEC316 /* Frameworks */,
				6C7C7C8D2AB2909200EEC316 /* Resources */,
			);
			buildRules = (
			);
			dependencies = (
				6C7C7C912AB2909200EEC316 /* PBXTargetDependency */,
			);
			name = NumturaUITests;
			productName = NumturaUITests;
			productReference = 6C7C7C8F2AB2909200EEC316 /* NumturaUITests.xctest */;
			productType = "com.apple.product-type.bundle.ui-testing";
		};
/* End PBXNativeTarget section */

/* Begin PBXProject section */
		6C7C7C6D2AB2909100EEC316 /* Project object */ = {
			isa = PBXProject;
			attributes = {
				BuildIndependentTargetsInParallel = 1;
				LastSwiftUpdateCheck = 1430;
				LastUpgradeCheck = 1430;
				TargetAttributes = {
					6C7C7C742AB2909100EEC316 = {
						CreatedOnToolsVersion = 14.3.1;
					};
					6C7C7C842AB2909200EEC316 = {
						CreatedOnToolsVersion = 14.3.1;
						TestTargetID = 6C7C7C742AB2909100EEC316;
					};
					6C7C7C8E2AB2909200EEC316 = {
						CreatedOnToolsVersion = 14.3.1;
						TestTargetID = 6C7C7C742AB2909100EEC316;
					};
				};
			};
			buildConfigurationList = 6C7C7C702AB2909100EEC316 /* Build configuration list for PBXProject "Numtura" */;
			compatibilityVersion = "Xcode 14.0";
			developmentRegion = en;
			hasScannedForEncodings = 0;
			knownRegions = (
				en,
				Base,
			);
			mainGroup = 6C7C7C6C2AB2909100EEC316;
			productRefGroup = 6C7C7C762AB2909100EEC316 /* Products */;
			projectDirPath = "";
			projectRoot = "";
			targets = (
				6C7C7C742AB2909100EEC316 /* Numtura */,
				6C7C7C842AB2909200EEC316 /* NumturaTests */,
				6C7C7C8E2AB2909200EEC316 /* NumturaUITests */,
			);
		};
/* End PBXProject section */

/* Begin PBXResourcesBuildPhase section */
		6C7C7C732AB2909100EEC316 /* Resources */ = {
			isa = PBXResourcesBuildPhase;
			buildActionMask = 2147483647;
			files = (
				6C7C7C802AB2909200EEC316 /* Preview Assets.xcassets in Resources */,
				9BEACC562B141E150038831C /* bS.mp3 in Resources */,
				9B131E402B150457006AEFA6 /* menuSound.mp3 in Resources */,
				6C9FEB2B2B0DB6AB003FD501 /* digitalism.ttf in Resources */,
				9B131E442B150E71006AEFA6 /* iniciarSound.mp3 in Resources */,
				9B131E462B15AE37006AEFA6 /* soundWin.mp3 in Resources */,
				6C49A5CA2ADDF45700F5566E /* Montserrat.ttf in Resources */,
				9B131E422B150700006AEFA6 /* backSound.mp3 in Resources */,
				9BEACC542B13BB380038831C /* backGroundSound.mp3 in Resources */,
				9BEACC592B1473B70038831C /* nA.mp3 in Resources */,
				6C7C7C7D2AB2909200EEC316 /* Assets.xcassets in Resources */,
				9BEACC5B2B1479630038831C /* desplazarSound.mp3 in Resources */,
			);
			runOnlyForDeploymentPostprocessing = 0;
		};
		6C7C7C832AB2909200EEC316 /* Resources */ = {
			isa = PBXResourcesBuildPhase;
			buildActionMask = 2147483647;
			files = (
				6C49A5CB2ADDF45700F5566E /* Montserrat.ttf in Resources */,
			);
			runOnlyForDeploymentPostprocessing = 0;
		};
		6C7C7C8D2AB2909200EEC316 /* Resources */ = {
			isa = PBXResourcesBuildPhase;
			buildActionMask = 2147483647;
			files = (
				6C49A5CC2ADDF45700F5566E /* Montserrat.ttf in Resources */,
			);
			runOnlyForDeploymentPostprocessing = 0;
		};
/* End PBXResourcesBuildPhase section */

/* Begin PBXSourcesBuildPhase section */
		6C7C7C712AB2909100EEC316 /* Sources */ = {
			isa = PBXSourcesBuildPhase;
			buildActionMask = 2147483647;
			files = (
				6C8731432AE30889007B081F /* RocketLoadingView.swift in Sources */,
				6C49A5C82ADDC29300F5566E /* MainScreenView.swift in Sources */,
				6C4ECE4E2B11A8F000405FB6 /* GE2DialogIG.swift in Sources */,
				6C7C7C7B2AB2909100EEC316 /* ContentView.swift in Sources */,
				6C1B175A2B0DB2BD00A0A4AB /* ArithmeticEx1View.swift in Sources */,
				6C49A5C12AD0FA1D00F5566E /* Colors.swift in Sources */,
				6C8731412AE3083F007B081F /* BackgroundView.swift in Sources */,
				6C49A5C32AD0FA2F00F5566E /* PlanetView.swift in Sources */,
				6C2E20E02AE98E50009E5E5F /* PhysicsEx2View.swift in Sources */,
				6C4ECE522B11A92800405FB6 /* AE1Dialog.swift in Sources */,
				6C1B17562B0DAADC00A0A4AB /* SuccessDialog.swift in Sources */,
				6C4ECE542B11A93200405FB6 /* AE1DialogIG.swift in Sources */,
				6C4ECE502B11A90100405FB6 /* GE2Dialog.swift in Sources */,
				6C49A5C52AD0FA8D00F5566E /* test.swift in Sources */,
				6C4ECE562B11ABF000405FB6 /* GeometryEx2View.swift in Sources */,
				9B0110C62B0AD23A009EB318 /* menuArim.swift in Sources */,
				6C2E20E32AE99523009E5E5F /* PE1Dialog.swift in Sources */,
				6C7C7C792AB2909100EEC316 /* NumturaApp.swift in Sources */,
				6C1B17542B0DAAA300A0A4AB /* PE1DialogIG.swift in Sources */,
				6C1B175C2B0DB2CD00A0A4AB /* StarEx1View.swift in Sources */,
				6C8731482AE30ACC007B081F /* GeometryEx1View.swift in Sources */,
				86FE0BF82B0F146E00148EEB /* PlanetViewGeo.swift in Sources */,
				6C49A5CF2AE1B06500F5566E /* FullPlanetView.swift in Sources */,
				6C4ECE482B11A81500405FB6 /* GE1Dialog.swift in Sources */,
				6C4ECE4C2B11A8A000405FB6 /* FiguresEx1View.swift in Sources */,
				6C4ECE582B11AD1100405FB6 /* TelescopeEx2View.swift in Sources */,
				6C4ECE4A2B11A81F00405FB6 /* GE1DialogIG.swift in Sources */,
			);
			runOnlyForDeploymentPostprocessing = 0;
		};
		6C7C7C812AB2909200EEC316 /* Sources */ = {
			isa = PBXSourcesBuildPhase;
			buildActionMask = 2147483647;
			files = (
				6C7C7C8A2AB2909200EEC316 /* NumturaTests.swift in Sources */,
			);
			runOnlyForDeploymentPostprocessing = 0;
		};
		6C7C7C8B2AB2909200EEC316 /* Sources */ = {
			isa = PBXSourcesBuildPhase;
			buildActionMask = 2147483647;
			files = (
				6C7C7C942AB2909200EEC316 /* NumturaUITests.swift in Sources */,
				6C7C7C962AB2909200EEC316 /* NumturaUITestsLaunchTests.swift in Sources */,
			);
			runOnlyForDeploymentPostprocessing = 0;
		};
/* End PBXSourcesBuildPhase section */

/* Begin PBXTargetDependency section */
		6C7C7C872AB2909200EEC316 /* PBXTargetDependency */ = {
			isa = PBXTargetDependency;
			target = 6C7C7C742AB2909100EEC316 /* Numtura */;
			targetProxy = 6C7C7C862AB2909200EEC316 /* PBXContainerItemProxy */;
		};
		6C7C7C912AB2909200EEC316 /* PBXTargetDependency */ = {
			isa = PBXTargetDependency;
			target = 6C7C7C742AB2909100EEC316 /* Numtura */;
			targetProxy = 6C7C7C902AB2909200EEC316 /* PBXContainerItemProxy */;
		};
/* End PBXTargetDependency section */

/* Begin XCBuildConfiguration section */
		6C7C7C972AB2909200EEC316 /* Debug */ = {
			isa = XCBuildConfiguration;
			buildSettings = {
				ALWAYS_SEARCH_USER_PATHS = NO;
				CLANG_ANALYZER_NONNULL = YES;
				CLANG_ANALYZER_NUMBER_OBJECT_CONVERSION = YES_AGGRESSIVE;
				CLANG_CXX_LANGUAGE_STANDARD = "gnu++20";
				CLANG_ENABLE_MODULES = YES;
				CLANG_ENABLE_OBJC_ARC = YES;
				CLANG_ENABLE_OBJC_WEAK = YES;
				CLANG_WARN_BLOCK_CAPTURE_AUTORELEASING = YES;
				CLANG_WARN_BOOL_CONVERSION = YES;
				CLANG_WARN_COMMA = YES;
				CLANG_WARN_CONSTANT_CONVERSION = YES;
				CLANG_WARN_DEPRECATED_OBJC_IMPLEMENTATIONS = YES;
				CLANG_WARN_DIRECT_OBJC_ISA_USAGE = YES_ERROR;
				CLANG_WARN_DOCUMENTATION_COMMENTS = YES;
				CLANG_WARN_EMPTY_BODY = YES;
				CLANG_WARN_ENUM_CONVERSION = YES;
				CLANG_WARN_INFINITE_RECURSION = YES;
				CLANG_WARN_INT_CONVERSION = YES;
				CLANG_WARN_NON_LITERAL_NULL_CONVERSION = YES;
				CLANG_WARN_OBJC_IMPLICIT_RETAIN_SELF = YES;
				CLANG_WARN_OBJC_LITERAL_CONVERSION = YES;
				CLANG_WARN_OBJC_ROOT_CLASS = YES_ERROR;
				CLANG_WARN_QUOTED_INCLUDE_IN_FRAMEWORK_HEADER = YES;
				CLANG_WARN_RANGE_LOOP_ANALYSIS = YES;
				CLANG_WARN_STRICT_PROTOTYPES = YES;
				CLANG_WARN_SUSPICIOUS_MOVE = YES;
				CLANG_WARN_UNGUARDED_AVAILABILITY = YES_AGGRESSIVE;
				CLANG_WARN_UNREACHABLE_CODE = YES;
				CLANG_WARN__DUPLICATE_METHOD_MATCH = YES;
				COPY_PHASE_STRIP = NO;
				DEBUG_INFORMATION_FORMAT = dwarf;
				ENABLE_STRICT_OBJC_MSGSEND = YES;
				ENABLE_TESTABILITY = YES;
				GCC_C_LANGUAGE_STANDARD = gnu11;
				GCC_DYNAMIC_NO_PIC = NO;
				GCC_NO_COMMON_BLOCKS = YES;
				GCC_OPTIMIZATION_LEVEL = 0;
				GCC_PREPROCESSOR_DEFINITIONS = (
					"DEBUG=1",
					"$(inherited)",
				);
				GCC_WARN_64_TO_32_BIT_CONVERSION = YES;
				GCC_WARN_ABOUT_RETURN_TYPE = YES_ERROR;
				GCC_WARN_UNDECLARED_SELECTOR = YES;
				GCC_WARN_UNINITIALIZED_AUTOS = YES_AGGRESSIVE;
				GCC_WARN_UNUSED_FUNCTION = YES;
				GCC_WARN_UNUSED_VARIABLE = YES;
				IPHONEOS_DEPLOYMENT_TARGET = 16.4;
				MTL_ENABLE_DEBUG_INFO = INCLUDE_SOURCE;
				MTL_FAST_MATH = YES;
				ONLY_ACTIVE_ARCH = YES;
				SDKROOT = iphoneos;
				SWIFT_ACTIVE_COMPILATION_CONDITIONS = DEBUG;
				SWIFT_OPTIMIZATION_LEVEL = "-Onone";
			};
			name = Debug;
		};
		6C7C7C982AB2909200EEC316 /* Release */ = {
			isa = XCBuildConfiguration;
			buildSettings = {
				ALWAYS_SEARCH_USER_PATHS = NO;
				CLANG_ANALYZER_NONNULL = YES;
				CLANG_ANALYZER_NUMBER_OBJECT_CONVERSION = YES_AGGRESSIVE;
				CLANG_CXX_LANGUAGE_STANDARD = "gnu++20";
				CLANG_ENABLE_MODULES = YES;
				CLANG_ENABLE_OBJC_ARC = YES;
				CLANG_ENABLE_OBJC_WEAK = YES;
				CLANG_WARN_BLOCK_CAPTURE_AUTORELEASING = YES;
				CLANG_WARN_BOOL_CONVERSION = YES;
				CLANG_WARN_COMMA = YES;
				CLANG_WARN_CONSTANT_CONVERSION = YES;
				CLANG_WARN_DEPRECATED_OBJC_IMPLEMENTATIONS = YES;
				CLANG_WARN_DIRECT_OBJC_ISA_USAGE = YES_ERROR;
				CLANG_WARN_DOCUMENTATION_COMMENTS = YES;
				CLANG_WARN_EMPTY_BODY = YES;
				CLANG_WARN_ENUM_CONVERSION = YES;
				CLANG_WARN_INFINITE_RECURSION = YES;
				CLANG_WARN_INT_CONVERSION = YES;
				CLANG_WARN_NON_LITERAL_NULL_CONVERSION = YES;
				CLANG_WARN_OBJC_IMPLICIT_RETAIN_SELF = YES;
				CLANG_WARN_OBJC_LITERAL_CONVERSION = YES;
				CLANG_WARN_OBJC_ROOT_CLASS = YES_ERROR;
				CLANG_WARN_QUOTED_INCLUDE_IN_FRAMEWORK_HEADER = YES;
				CLANG_WARN_RANGE_LOOP_ANALYSIS = YES;
				CLANG_WARN_STRICT_PROTOTYPES = YES;
				CLANG_WARN_SUSPICIOUS_MOVE = YES;
				CLANG_WARN_UNGUARDED_AVAILABILITY = YES_AGGRESSIVE;
				CLANG_WARN_UNREACHABLE_CODE = YES;
				CLANG_WARN__DUPLICATE_METHOD_MATCH = YES;
				COPY_PHASE_STRIP = NO;
				DEBUG_INFORMATION_FORMAT = "dwarf-with-dsym";
				ENABLE_NS_ASSERTIONS = NO;
				ENABLE_STRICT_OBJC_MSGSEND = YES;
				GCC_C_LANGUAGE_STANDARD = gnu11;
				GCC_NO_COMMON_BLOCKS = YES;
				GCC_WARN_64_TO_32_BIT_CONVERSION = YES;
				GCC_WARN_ABOUT_RETURN_TYPE = YES_ERROR;
				GCC_WARN_UNDECLARED_SELECTOR = YES;
				GCC_WARN_UNINITIALIZED_AUTOS = YES_AGGRESSIVE;
				GCC_WARN_UNUSED_FUNCTION = YES;
				GCC_WARN_UNUSED_VARIABLE = YES;
				IPHONEOS_DEPLOYMENT_TARGET = 16.4;
				MTL_ENABLE_DEBUG_INFO = NO;
				MTL_FAST_MATH = YES;
				SDKROOT = iphoneos;
				SWIFT_COMPILATION_MODE = wholemodule;
				SWIFT_OPTIMIZATION_LEVEL = "-O";
				VALIDATE_PRODUCT = YES;
			};
			name = Release;
		};
		6C7C7C9A2AB2909200EEC316 /* Debug */ = {
			isa = XCBuildConfiguration;
			buildSettings = {
				ASSETCATALOG_COMPILER_APPICON_NAME = AppIcon;
				ASSETCATALOG_COMPILER_GLOBAL_ACCENT_COLOR_NAME = AccentColor;
				CODE_SIGN_STYLE = Automatic;
				CURRENT_PROJECT_VERSION = 1;
				DEVELOPMENT_ASSET_PATHS = "\"Numtura/Preview Content\"";
				DEVELOPMENT_TEAM = T7F35K4QPB;
				ENABLE_PREVIEWS = YES;
				GENERATE_INFOPLIST_FILE = YES;
				INFOPLIST_FILE = Numtura/Info.plist;
				INFOPLIST_KEY_LSApplicationCategoryType = "";
				INFOPLIST_KEY_UIApplicationSceneManifest_Generation = YES;
				INFOPLIST_KEY_UIApplicationSupportsIndirectInputEvents = YES;
				INFOPLIST_KEY_UILaunchScreen_Generation = YES;
				INFOPLIST_KEY_UIRequiresFullScreen = YES;
				INFOPLIST_KEY_UIStatusBarHidden = YES;
				INFOPLIST_KEY_UISupportedInterfaceOrientations = "UIInterfaceOrientationLandscapeLeft UIInterfaceOrientationLandscapeRight UIInterfaceOrientationPortrait";
				INFOPLIST_KEY_UISupportedInterfaceOrientations_iPad = UIInterfaceOrientationPortrait;
				LD_RUNPATH_SEARCH_PATHS = (
					"$(inherited)",
					"@executable_path/Frameworks",
				);
				MARKETING_VERSION = 1.0;
				PRODUCT_BUNDLE_IDENTIFIER = app.Numtura;
				PRODUCT_NAME = "$(TARGET_NAME)";
				SUPPORTED_PLATFORMS = "iphoneos iphonesimulator";
				SUPPORTS_MACCATALYST = NO;
				SUPPORTS_MAC_DESIGNED_FOR_IPHONE_IPAD = NO;
				SWIFT_EMIT_LOC_STRINGS = YES;
				SWIFT_VERSION = 5.0;
				TARGETED_DEVICE_FAMILY = 2;
			};
			name = Debug;
		};
		6C7C7C9B2AB2909200EEC316 /* Release */ = {
			isa = XCBuildConfiguration;
			buildSettings = {
				ASSETCATALOG_COMPILER_APPICON_NAME = AppIcon;
				ASSETCATALOG_COMPILER_GLOBAL_ACCENT_COLOR_NAME = AccentColor;
				CODE_SIGN_STYLE = Automatic;
				CURRENT_PROJECT_VERSION = 1;
				DEVELOPMENT_ASSET_PATHS = "\"Numtura/Preview Content\"";
				DEVELOPMENT_TEAM = T7F35K4QPB;
				ENABLE_PREVIEWS = YES;
				GENERATE_INFOPLIST_FILE = YES;
				INFOPLIST_FILE = Numtura/Info.plist;
				INFOPLIST_KEY_LSApplicationCategoryType = "";
				INFOPLIST_KEY_UIApplicationSceneManifest_Generation = YES;
				INFOPLIST_KEY_UIApplicationSupportsIndirectInputEvents = YES;
				INFOPLIST_KEY_UILaunchScreen_Generation = YES;
				INFOPLIST_KEY_UIRequiresFullScreen = YES;
				INFOPLIST_KEY_UIStatusBarHidden = YES;
				INFOPLIST_KEY_UISupportedInterfaceOrientations = "UIInterfaceOrientationLandscapeLeft UIInterfaceOrientationLandscapeRight UIInterfaceOrientationPortrait";
				INFOPLIST_KEY_UISupportedInterfaceOrientations_iPad = UIInterfaceOrientationPortrait;
				LD_RUNPATH_SEARCH_PATHS = (
					"$(inherited)",
					"@executable_path/Frameworks",
				);
				MARKETING_VERSION = 1.0;
				PRODUCT_BUNDLE_IDENTIFIER = app.Numtura;
				PRODUCT_NAME = "$(TARGET_NAME)";
				SUPPORTED_PLATFORMS = "iphoneos iphonesimulator";
				SUPPORTS_MACCATALYST = NO;
				SUPPORTS_MAC_DESIGNED_FOR_IPHONE_IPAD = NO;
				SWIFT_EMIT_LOC_STRINGS = YES;
				SWIFT_VERSION = 5.0;
				TARGETED_DEVICE_FAMILY = 2;
			};
			name = Release;
		};
		6C7C7C9D2AB2909200EEC316 /* Debug */ = {
			isa = XCBuildConfiguration;
			buildSettings = {
				ALWAYS_EMBED_SWIFT_STANDARD_LIBRARIES = YES;
				BUNDLE_LOADER = "$(TEST_HOST)";
				CODE_SIGN_STYLE = Automatic;
				CURRENT_PROJECT_VERSION = 1;
				DEVELOPMENT_TEAM = ZKS2NRWRZN;
				GENERATE_INFOPLIST_FILE = YES;
				IPHONEOS_DEPLOYMENT_TARGET = 16.4;
				MARKETING_VERSION = 1.0;
				PRODUCT_BUNDLE_IDENTIFIER = app.NumturaTests;
				PRODUCT_NAME = "$(TARGET_NAME)";
				SWIFT_EMIT_LOC_STRINGS = NO;
				SWIFT_VERSION = 5.0;
				TARGETED_DEVICE_FAMILY = "1,2";
				TEST_HOST = "$(BUILT_PRODUCTS_DIR)/Numtura.app/$(BUNDLE_EXECUTABLE_FOLDER_PATH)/Numtura";
			};
			name = Debug;
		};
		6C7C7C9E2AB2909200EEC316 /* Release */ = {
			isa = XCBuildConfiguration;
			buildSettings = {
				ALWAYS_EMBED_SWIFT_STANDARD_LIBRARIES = YES;
				BUNDLE_LOADER = "$(TEST_HOST)";
				CODE_SIGN_STYLE = Automatic;
				CURRENT_PROJECT_VERSION = 1;
				DEVELOPMENT_TEAM = ZKS2NRWRZN;
				GENERATE_INFOPLIST_FILE = YES;
				IPHONEOS_DEPLOYMENT_TARGET = 16.4;
				MARKETING_VERSION = 1.0;
				PRODUCT_BUNDLE_IDENTIFIER = app.NumturaTests;
				PRODUCT_NAME = "$(TARGET_NAME)";
				SWIFT_EMIT_LOC_STRINGS = NO;
				SWIFT_VERSION = 5.0;
				TARGETED_DEVICE_FAMILY = "1,2";
				TEST_HOST = "$(BUILT_PRODUCTS_DIR)/Numtura.app/$(BUNDLE_EXECUTABLE_FOLDER_PATH)/Numtura";
			};
			name = Release;
		};
		6C7C7CA02AB2909200EEC316 /* Debug */ = {
			isa = XCBuildConfiguration;
			buildSettings = {
				ALWAYS_EMBED_SWIFT_STANDARD_LIBRARIES = YES;
				CODE_SIGN_STYLE = Automatic;
				CURRENT_PROJECT_VERSION = 1;
				DEVELOPMENT_TEAM = ZKS2NRWRZN;
				GENERATE_INFOPLIST_FILE = YES;
				MARKETING_VERSION = 1.0;
				PRODUCT_BUNDLE_IDENTIFIER = app.NumturaUITests;
				PRODUCT_NAME = "$(TARGET_NAME)";
				SWIFT_EMIT_LOC_STRINGS = NO;
				SWIFT_VERSION = 5.0;
				TARGETED_DEVICE_FAMILY = "1,2";
				TEST_TARGET_NAME = Numtura;
			};
			name = Debug;
		};
		6C7C7CA12AB2909200EEC316 /* Release */ = {
			isa = XCBuildConfiguration;
			buildSettings = {
				ALWAYS_EMBED_SWIFT_STANDARD_LIBRARIES = YES;
				CODE_SIGN_STYLE = Automatic;
				CURRENT_PROJECT_VERSION = 1;
				DEVELOPMENT_TEAM = ZKS2NRWRZN;
				GENERATE_INFOPLIST_FILE = YES;
				MARKETING_VERSION = 1.0;
				PRODUCT_BUNDLE_IDENTIFIER = app.NumturaUITests;
				PRODUCT_NAME = "$(TARGET_NAME)";
				SWIFT_EMIT_LOC_STRINGS = NO;
				SWIFT_VERSION = 5.0;
				TARGETED_DEVICE_FAMILY = "1,2";
				TEST_TARGET_NAME = Numtura;
			};
			name = Release;
		};
/* End XCBuildConfiguration section */

/* Begin XCConfigurationList section */
		6C7C7C702AB2909100EEC316 /* Build configuration list for PBXProject "Numtura" */ = {
			isa = XCConfigurationList;
			buildConfigurations = (
				6C7C7C972AB2909200EEC316 /* Debug */,
				6C7C7C982AB2909200EEC316 /* Release */,
			);
			defaultConfigurationIsVisible = 0;
			defaultConfigurationName = Release;
		};
		6C7C7C992AB2909200EEC316 /* Build configuration list for PBXNativeTarget "Numtura" */ = {
			isa = XCConfigurationList;
			buildConfigurations = (
				6C7C7C9A2AB2909200EEC316 /* Debug */,
				6C7C7C9B2AB2909200EEC316 /* Release */,
			);
			defaultConfigurationIsVisible = 0;
			defaultConfigurationName = Release;
		};
		6C7C7C9C2AB2909200EEC316 /* Build configuration list for PBXNativeTarget "NumturaTests" */ = {
			isa = XCConfigurationList;
			buildConfigurations = (
				6C7C7C9D2AB2909200EEC316 /* Debug */,
				6C7C7C9E2AB2909200EEC316 /* Release */,
			);
			defaultConfigurationIsVisible = 0;
			defaultConfigurationName = Release;
		};
		6C7C7C9F2AB2909200EEC316 /* Build configuration list for PBXNativeTarget "NumturaUITests" */ = {
			isa = XCConfigurationList;
			buildConfigurations = (
				6C7C7CA02AB2909200EEC316 /* Debug */,
				6C7C7CA12AB2909200EEC316 /* Release */,
			);
			defaultConfigurationIsVisible = 0;
			defaultConfigurationName = Release;
		};
/* End XCConfigurationList section */
	};
	rootObject = 6C7C7C6D2AB2909100EEC316 /* Project object */;
}
